// !$*UTF8*$!
{
	archiveVersion = 1;
	classes = {
	};
	objectVersion = 50;
	objects = {

/* Begin PBXBuildFile section */
		92842B1E23E4A39500C7B745 /* AppDelegate.swift in Sources */ = {isa = PBXBuildFile; fileRef = 92842B1D23E4A39500C7B745 /* AppDelegate.swift */; };
		92842B2023E4A39500C7B745 /* SceneDelegate.swift in Sources */ = {isa = PBXBuildFile; fileRef = 92842B1F23E4A39500C7B745 /* SceneDelegate.swift */; };
		92842B2323E4A39500C7B745 /* EmartApiXctest.xcdatamodeld in Sources */ = {isa = PBXBuildFile; fileRef = 92842B2123E4A39500C7B745 /* EmartApiXctest.xcdatamodeld */; };
		92842B2523E4A39500C7B745 /* ContentView.swift in Sources */ = {isa = PBXBuildFile; fileRef = 92842B2423E4A39500C7B745 /* ContentView.swift */; };
		92842B2723E4A39800C7B745 /* Assets.xcassets in Resources */ = {isa = PBXBuildFile; fileRef = 92842B2623E4A39800C7B745 /* Assets.xcassets */; };
		92842B2A23E4A39800C7B745 /* Preview Assets.xcassets in Resources */ = {isa = PBXBuildFile; fileRef = 92842B2923E4A39800C7B745 /* Preview Assets.xcassets */; };
		92842B2D23E4A39800C7B745 /* LaunchScreen.storyboard in Resources */ = {isa = PBXBuildFile; fileRef = 92842B2B23E4A39800C7B745 /* LaunchScreen.storyboard */; };
		92842B3823E4A39800C7B745 /* EmartApiXctestTests.swift in Sources */ = {isa = PBXBuildFile; fileRef = 92842B3723E4A39800C7B745 /* EmartApiXctestTests.swift */; };
		92842B4423E4A48700C7B745 /* PortlandWeatherHelper.swift in Sources */ = {isa = PBXBuildFile; fileRef = 92842B4323E4A48700C7B745 /* PortlandWeatherHelper.swift */; };
		92842B4623E4A4E600C7B745 /* PortlandWeatherTest.swift in Sources */ = {isa = PBXBuildFile; fileRef = 92842B4523E4A4E600C7B745 /* PortlandWeatherTest.swift */; };
		92842B4823E4A72A00C7B745 /* GitHubUserApiTest.swift in Sources */ = {isa = PBXBuildFile; fileRef = 92842B4723E4A72A00C7B745 /* GitHubUserApiTest.swift */; };
		92842B4A23E4A84A00C7B745 /* PortlandCompaniesHelper.swift in Sources */ = {isa = PBXBuildFile; fileRef = 92842B4923E4A84A00C7B745 /* PortlandCompaniesHelper.swift */; };
		92842B4D23E4AB3A00C7B745 /* PortlandCompaniesJsonTest.swift in Sources */ = {isa = PBXBuildFile; fileRef = 92842B4B23E4A8BA00C7B745 /* PortlandCompaniesJsonTest.swift */; };
/* End PBXBuildFile section */

/* Begin PBXContainerItemProxy section */
		92842B3423E4A39800C7B745 /* PBXContainerItemProxy */ = {
			isa = PBXContainerItemProxy;
			containerPortal = 92842B1223E4A39500C7B745 /* Project object */;
			proxyType = 1;
			remoteGlobalIDString = 92842B1923E4A39500C7B745;
			remoteInfo = EmartApiXctest;
		};
/* End PBXContainerItemProxy section */

/* Begin PBXFileReference section */
		92842B1A23E4A39500C7B745 /* EmartApiXctest.app */ = {isa = PBXFileReference; explicitFileType = wrapper.application; includeInIndex = 0; path = EmartApiXctest.app; sourceTree = BUILT_PRODUCTS_DIR; };
		92842B1D23E4A39500C7B745 /* AppDelegate.swift */ = {isa = PBXFileReference; lastKnownFileType = sourcecode.swift; path = AppDelegate.swift; sourceTree = "<group>"; };
		92842B1F23E4A39500C7B745 /* SceneDelegate.swift */ = {isa = PBXFileReference; lastKnownFileType = sourcecode.swift; path = SceneDelegate.swift; sourceTree = "<group>"; };
		92842B2223E4A39500C7B745 /* EmartApiXctest.xcdatamodel */ = {isa = PBXFileReference; lastKnownFileType = wrapper.xcdatamodel; path = EmartApiXctest.xcdatamodel; sourceTree = "<group>"; };
		92842B2423E4A39500C7B745 /* ContentView.swift */ = {isa = PBXFileReference; lastKnownFileType = sourcecode.swift; path = ContentView.swift; sourceTree = "<group>"; };
		92842B2623E4A39800C7B745 /* Assets.xcassets */ = {isa = PBXFileReference; lastKnownFileType = folder.assetcatalog; path = Assets.xcassets; sourceTree = "<group>"; };
		92842B2923E4A39800C7B745 /* Preview Assets.xcassets */ = {isa = PBXFileReference; lastKnownFileType = folder.assetcatalog; path = "Preview Assets.xcassets"; sourceTree = "<group>"; };
		92842B2C23E4A39800C7B745 /* Base */ = {isa = PBXFileReference; lastKnownFileType = file.storyboard; name = Base; path = Base.lproj/LaunchScreen.storyboard; sourceTree = "<group>"; };
		92842B2E23E4A39800C7B745 /* Info.plist */ = {isa = PBXFileReference; lastKnownFileType = text.plist.xml; path = Info.plist; sourceTree = "<group>"; };
		92842B3323E4A39800C7B745 /* EmartApiXctestTests.xctest */ = {isa = PBXFileReference; explicitFileType = wrapper.cfbundle; includeInIndex = 0; path = EmartApiXctestTests.xctest; sourceTree = BUILT_PRODUCTS_DIR; };
		92842B3723E4A39800C7B745 /* EmartApiXctestTests.swift */ = {isa = PBXFileReference; lastKnownFileType = sourcecode.swift; path = EmartApiXctestTests.swift; sourceTree = "<group>"; };
		92842B3923E4A39800C7B745 /* Info.plist */ = {isa = PBXFileReference; lastKnownFileType = text.plist.xml; path = Info.plist; sourceTree = "<group>"; };
		92842B4323E4A48700C7B745 /* PortlandWeatherHelper.swift */ = {isa = PBXFileReference; lastKnownFileType = sourcecode.swift; path = PortlandWeatherHelper.swift; sourceTree = "<group>"; };
		92842B4523E4A4E600C7B745 /* PortlandWeatherTest.swift */ = {isa = PBXFileReference; lastKnownFileType = sourcecode.swift; path = PortlandWeatherTest.swift; sourceTree = "<group>"; };
		92842B4723E4A72A00C7B745 /* GitHubUserApiTest.swift */ = {isa = PBXFileReference; lastKnownFileType = sourcecode.swift; path = GitHubUserApiTest.swift; sourceTree = "<group>"; };
		92842B4923E4A84A00C7B745 /* PortlandCompaniesHelper.swift */ = {isa = PBXFileReference; lastKnownFileType = sourcecode.swift; path = PortlandCompaniesHelper.swift; sourceTree = "<group>"; };
		92842B4B23E4A8BA00C7B745 /* PortlandCompaniesJsonTest.swift */ = {isa = PBXFileReference; lastKnownFileType = sourcecode.swift; path = PortlandCompaniesJsonTest.swift; sourceTree = "<group>"; };
/* End PBXFileReference section */

/* Begin PBXFrameworksBuildPhase section */
		92842B1723E4A39500C7B745 /* Frameworks */ = {
			isa = PBXFrameworksBuildPhase;
			buildActionMask = 2147483647;
			files = (
			);
			runOnlyForDeploymentPostprocessing = 0;
		};
		92842B3023E4A39800C7B745 /* Frameworks */ = {
			isa = PBXFrameworksBuildPhase;
			buildActionMask = 2147483647;
			files = (
			);
			runOnlyForDeploymentPostprocessing = 0;
		};
/* End PBXFrameworksBuildPhase section */

/* Begin PBXGroup section */
		92842B1123E4A39500C7B745 = {
			isa = PBXGroup;
			children = (
				92842B1C23E4A39500C7B745 /* EmartApiXctest */,
				92842B3623E4A39800C7B745 /* EmartApiXctestTests */,
				92842B1B23E4A39500C7B745 /* Products */,
			);
			sourceTree = "<group>";
		};
		92842B1B23E4A39500C7B745 /* Products */ = {
			isa = PBXGroup;
			children = (
				92842B1A23E4A39500C7B745 /* EmartApiXctest.app */,
				92842B3323E4A39800C7B745 /* EmartApiXctestTests.xctest */,
			);
			name = Products;
			sourceTree = "<group>";
		};
		92842B1C23E4A39500C7B745 /* EmartApiXctest */ = {
			isa = PBXGroup;
			children = (
				92842B1D23E4A39500C7B745 /* AppDelegate.swift */,
				92842B1F23E4A39500C7B745 /* SceneDelegate.swift */,
				92842B2423E4A39500C7B745 /* ContentView.swift */,
				92842B2623E4A39800C7B745 /* Assets.xcassets */,
				92842B2B23E4A39800C7B745 /* LaunchScreen.storyboard */,
				92842B2E23E4A39800C7B745 /* Info.plist */,
				92842B2123E4A39500C7B745 /* EmartApiXctest.xcdatamodeld */,
				92842B2823E4A39800C7B745 /* Preview Content */,
			);
			path = EmartApiXctest;
			sourceTree = "<group>";
		};
		92842B2823E4A39800C7B745 /* Preview Content */ = {
			isa = PBXGroup;
			children = (
				92842B2923E4A39800C7B745 /* Preview Assets.xcassets */,
			);
			path = "Preview Content";
			sourceTree = "<group>";
		};
		92842B3623E4A39800C7B745 /* EmartApiXctestTests */ = {
			isa = PBXGroup;
			children = (
				92842B4B23E4A8BA00C7B745 /* PortlandCompaniesJsonTest.swift */,
				92842B4223E4A3F300C7B745 /* ApiTestHelpers */,
				92842B3723E4A39800C7B745 /* EmartApiXctestTests.swift */,
				92842B3923E4A39800C7B745 /* Info.plist */,
				92842B4523E4A4E600C7B745 /* PortlandWeatherTest.swift */,
				92842B4723E4A72A00C7B745 /* GitHubUserApiTest.swift */,
			);
			path = EmartApiXctestTests;
			sourceTree = "<group>";
		};
		92842B4223E4A3F300C7B745 /* ApiTestHelpers */ = {
			isa = PBXGroup;
			children = (
				92842B4323E4A48700C7B745 /* PortlandWeatherHelper.swift */,
				92842B4923E4A84A00C7B745 /* PortlandCompaniesHelper.swift */,
			);
			path = ApiTestHelpers;
			sourceTree = "<group>";
		};
/* End PBXGroup section */

/* Begin PBXNativeTarget section */
		92842B1923E4A39500C7B745 /* EmartApiXctest */ = {
			isa = PBXNativeTarget;
			buildConfigurationList = 92842B3C23E4A39800C7B745 /* Build configuration list for PBXNativeTarget "EmartApiXctest" */;
			buildPhases = (
				92842B1623E4A39500C7B745 /* Sources */,
				92842B1723E4A39500C7B745 /* Frameworks */,
				92842B1823E4A39500C7B745 /* Resources */,
			);
			buildRules = (
			);
			dependencies = (
			);
			name = EmartApiXctest;
			productName = EmartApiXctest;
			productReference = 92842B1A23E4A39500C7B745 /* EmartApiXctest.app */;
			productType = "com.apple.product-type.application";
		};
		92842B3223E4A39800C7B745 /* EmartApiXctestTests */ = {
			isa = PBXNativeTarget;
			buildConfigurationList = 92842B3F23E4A39800C7B745 /* Build configuration list for PBXNativeTarget "EmartApiXctestTests" */;
			buildPhases = (
				92842B2F23E4A39800C7B745 /* Sources */,
				92842B3023E4A39800C7B745 /* Frameworks */,
				92842B3123E4A39800C7B745 /* Resources */,
			);
			buildRules = (
			);
			dependencies = (
				92842B3523E4A39800C7B745 /* PBXTargetDependency */,
			);
			name = EmartApiXctestTests;
			productName = EmartApiXctestTests;
			productReference = 92842B3323E4A39800C7B745 /* EmartApiXctestTests.xctest */;
			productType = "com.apple.product-type.bundle.unit-test";
		};
/* End PBXNativeTarget section */

/* Begin PBXProject section */
		92842B1223E4A39500C7B745 /* Project object */ = {
			isa = PBXProject;
			attributes = {
				LastSwiftUpdateCheck = 1130;
				LastUpgradeCheck = 1130;
				ORGANIZATIONNAME = emobile;
				TargetAttributes = {
					92842B1923E4A39500C7B745 = {
						CreatedOnToolsVersion = 11.3;
					};
					92842B3223E4A39800C7B745 = {
						CreatedOnToolsVersion = 11.3;
						TestTargetID = 92842B1923E4A39500C7B745;
					};
				};
			};
			buildConfigurationList = 92842B1523E4A39500C7B745 /* Build configuration list for PBXProject "EmartApiXctest" */;
			compatibilityVersion = "Xcode 9.3";
			developmentRegion = en;
			hasScannedForEncodings = 0;
			knownRegions = (
				en,
				Base,
			);
			mainGroup = 92842B1123E4A39500C7B745;
			productRefGroup = 92842B1B23E4A39500C7B745 /* Products */;
			projectDirPath = "";
			projectRoot = "";
			targets = (
				92842B1923E4A39500C7B745 /* EmartApiXctest */,
				92842B3223E4A39800C7B745 /* EmartApiXctestTests */,
			);
		};
/* End PBXProject section */

/* Begin PBXResourcesBuildPhase section */
		92842B1823E4A39500C7B745 /* Resources */ = {
			isa = PBXResourcesBuildPhase;
			buildActionMask = 2147483647;
			files = (
				92842B2D23E4A39800C7B745 /* LaunchScreen.storyboard in Resources */,
				92842B2A23E4A39800C7B745 /* Preview Assets.xcassets in Resources */,
				92842B2723E4A39800C7B745 /* Assets.xcassets in Resources */,
			);
			runOnlyForDeploymentPostprocessing = 0;
		};
		92842B3123E4A39800C7B745 /* Resources */ = {
			isa = PBXResourcesBuildPhase;
			buildActionMask = 2147483647;
			files = (
			);
			runOnlyForDeploymentPostprocessing = 0;
		};
/* End PBXResourcesBuildPhase section */

/* Begin PBXSourcesBuildPhase section */
		92842B1623E4A39500C7B745 /* Sources */ = {
			isa = PBXSourcesBuildPhase;
			buildActionMask = 2147483647;
			files = (
				92842B1E23E4A39500C7B745 /* AppDelegate.swift in Sources */,
				92842B2323E4A39500C7B745 /* EmartApiXctest.xcdatamodeld in Sources */,
				92842B2523E4A39500C7B745 /* ContentView.swift in Sources */,
				92842B2023E4A39500C7B745 /* SceneDelegate.swift in Sources */,
			);
			runOnlyForDeploymentPostprocessing = 0;
		};
		92842B2F23E4A39800C7B745 /* Sources */ = {
			isa = PBXSourcesBuildPhase;
			buildActionMask = 2147483647;
			files = (
				92842B4623E4A4E600C7B745 /* PortlandWeatherTest.swift in Sources */,
				92842B4D23E4AB3A00C7B745 /* PortlandCompaniesJsonTest.swift in Sources */,
				92842B4A23E4A84A00C7B745 /* PortlandCompaniesHelper.swift in Sources */,
				92842B4423E4A48700C7B745 /* PortlandWeatherHelper.swift in Sources */,
				92842B4823E4A72A00C7B745 /* GitHubUserApiTest.swift in Sources */,
				92842B3823E4A39800C7B745 /* EmartApiXctestTests.swift in Sources */,
			);
			runOnlyForDeploymentPostprocessing = 0;
		};
/* End PBXSourcesBuildPhase section */

/* Begin PBXTargetDependency section */
		92842B3523E4A39800C7B745 /* PBXTargetDependency */ = {
			isa = PBXTargetDependency;
			target = 92842B1923E4A39500C7B745 /* EmartApiXctest */;
			targetProxy = 92842B3423E4A39800C7B745 /* PBXContainerItemProxy */;
		};
/* End PBXTargetDependency section */

/* Begin PBXVariantGroup section */
		92842B2B23E4A39800C7B745 /* LaunchScreen.storyboard */ = {
			isa = PBXVariantGroup;
			children = (
				92842B2C23E4A39800C7B745 /* Base */,
			);
			name = LaunchScreen.storyboard;
			sourceTree = "<group>";
		};
/* End PBXVariantGroup section */

/* Begin XCBuildConfiguration section */
		92842B3A23E4A39800C7B745 /* Debug */ = {
			isa = XCBuildConfiguration;
			buildSettings = {
				ALWAYS_SEARCH_USER_PATHS = NO;
				CLANG_ANALYZER_NONNULL = YES;
				CLANG_ANALYZER_NUMBER_OBJECT_CONVERSION = YES_AGGRESSIVE;
				CLANG_CXX_LANGUAGE_STANDARD = "gnu++14";
				CLANG_CXX_LIBRARY = "libc++";
				CLANG_ENABLE_MODULES = YES;
				CLANG_ENABLE_OBJC_ARC = YES;
				CLANG_ENABLE_OBJC_WEAK = YES;
				CLANG_WARN_BLOCK_CAPTURE_AUTORELEASING = YES;
				CLANG_WARN_BOOL_CONVERSION = YES;
				CLANG_WARN_COMMA = YES;
				CLANG_WARN_CONSTANT_CONVERSION = YES;
				CLANG_WARN_DEPRECATED_OBJC_IMPLEMENTATIONS = YES;
				CLANG_WARN_DIRECT_OBJC_ISA_USAGE = YES_ERROR;
				CLANG_WARN_DOCUMENTATION_COMMENTS = YES;
				CLANG_WARN_EMPTY_BODY = YES;
				CLANG_WARN_ENUM_CONVERSION = YES;
				CLANG_WARN_INFINITE_RECURSION = YES;
				CLANG_WARN_INT_CONVERSION = YES;
				CLANG_WARN_NON_LITERAL_NULL_CONVERSION = YES;
				CLANG_WARN_OBJC_IMPLICIT_RETAIN_SELF = YES;
				CLANG_WARN_OBJC_LITERAL_CONVERSION = YES;
				CLANG_WARN_OBJC_ROOT_CLASS = YES_ERROR;
				CLANG_WARN_RANGE_LOOP_ANALYSIS = YES;
				CLANG_WARN_STRICT_PROTOTYPES = YES;
				CLANG_WARN_SUSPICIOUS_MOVE = YES;
				CLANG_WARN_UNGUARDED_AVAILABILITY = YES_AGGRESSIVE;
				CLANG_WARN_UNREACHABLE_CODE = YES;
				CLANG_WARN__DUPLICATE_METHOD_MATCH = YES;
				COPY_PHASE_STRIP = NO;
				DEBUG_INFORMATION_FORMAT = dwarf;
				ENABLE_STRICT_OBJC_MSGSEND = YES;
				ENABLE_TESTABILITY = YES;
				GCC_C_LANGUAGE_STANDARD = gnu11;
				GCC_DYNAMIC_NO_PIC = NO;
				GCC_NO_COMMON_BLOCKS = YES;
				GCC_OPTIMIZATION_LEVEL = 0;
				GCC_PREPROCESSOR_DEFINITIONS = (
					"DEBUG=1",
					"$(inherited)",
				);
				GCC_WARN_64_TO_32_BIT_CONVERSION = YES;
				GCC_WARN_ABOUT_RETURN_TYPE = YES_ERROR;
				GCC_WARN_UNDECLARED_SELECTOR = YES;
				GCC_WARN_UNINITIALIZED_AUTOS = YES_AGGRESSIVE;
				GCC_WARN_UNUSED_FUNCTION = YES;
				GCC_WARN_UNUSED_VARIABLE = YES;
				IPHONEOS_DEPLOYMENT_TARGET = 13.2;
				MTL_ENABLE_DEBUG_INFO = INCLUDE_SOURCE;
				MTL_FAST_MATH = YES;
				ONLY_ACTIVE_ARCH = YES;
				SDKROOT = iphoneos;
				SWIFT_ACTIVE_COMPILATION_CONDITIONS = DEBUG;
				SWIFT_OPTIMIZATION_LEVEL = "-Onone";
			};
			name = Debug;
		};
		92842B3B23E4A39800C7B745 /* Release */ = {
			isa = XCBuildConfiguration;
			buildSettings = {
				ALWAYS_SEARCH_USER_PATHS = NO;
				CLANG_ANALYZER_NONNULL = YES;
				CLANG_ANALYZER_NUMBER_OBJECT_CONVERSION = YES_AGGRESSIVE;
				CLANG_CXX_LANGUAGE_STANDARD = "gnu++14";
				CLANG_CXX_LIBRARY = "libc++";
				CLANG_ENABLE_MODULES = YES;
				CLANG_ENABLE_OBJC_ARC = YES;
				CLANG_ENABLE_OBJC_WEAK = YES;
				CLANG_WARN_BLOCK_CAPTURE_AUTORELEASING = YES;
				CLANG_WARN_BOOL_CONVERSION = YES;
				CLANG_WARN_COMMA = YES;
				CLANG_WARN_CONSTANT_CONVERSION = YES;
				CLANG_WARN_DEPRECATED_OBJC_IMPLEMENTATIONS = YES;
				CLANG_WARN_DIRECT_OBJC_ISA_USAGE = YES_ERROR;
				CLANG_WARN_DOCUMENTATION_COMMENTS = YES;
				CLANG_WARN_EMPTY_BODY = YES;
				CLANG_WARN_ENUM_CONVERSION = YES;
				CLANG_WARN_INFINITE_RECURSION = YES;
				CLANG_WARN_INT_CONVERSION = YES;
				CLANG_WARN_NON_LITERAL_NULL_CONVERSION = YES;
				CLANG_WARN_OBJC_IMPLICIT_RETAIN_SELF = YES;
				CLANG_WARN_OBJC_LITERAL_CONVERSION = YES;
				CLANG_WARN_OBJC_ROOT_CLASS = YES_ERROR;
				CLANG_WARN_RANGE_LOOP_ANALYSIS = YES;
				CLANG_WARN_STRICT_PROTOTYPES = YES;
				CLANG_WARN_SUSPICIOUS_MOVE = YES;
				CLANG_WARN_UNGUARDED_AVAILABILITY = YES_AGGRESSIVE;
				CLANG_WARN_UNREACHABLE_CODE = YES;
				CLANG_WARN__DUPLICATE_METHOD_MATCH = YES;
				COPY_PHASE_STRIP = NO;
				DEBUG_INFORMATION_FORMAT = "dwarf-with-dsym";
				ENABLE_NS_ASSERTIONS = NO;
				ENABLE_STRICT_OBJC_MSGSEND = YES;
				GCC_C_LANGUAGE_STANDARD = gnu11;
				GCC_NO_COMMON_BLOCKS = YES;
				GCC_WARN_64_TO_32_BIT_CONVERSION = YES;
				GCC_WARN_ABOUT_RETURN_TYPE = YES_ERROR;
				GCC_WARN_UNDECLARED_SELECTOR = YES;
				GCC_WARN_UNINITIALIZED_AUTOS = YES_AGGRESSIVE;
				GCC_WARN_UNUSED_FUNCTION = YES;
				GCC_WARN_UNUSED_VARIABLE = YES;
				IPHONEOS_DEPLOYMENT_TARGET = 13.2;
				MTL_ENABLE_DEBUG_INFO = NO;
				MTL_FAST_MATH = YES;
				SDKROOT = iphoneos;
				SWIFT_COMPILATION_MODE = wholemodule;
				SWIFT_OPTIMIZATION_LEVEL = "-O";
				VALIDATE_PRODUCT = YES;
			};
			name = Release;
		};
		92842B3D23E4A39800C7B745 /* Debug */ = {
			isa = XCBuildConfiguration;
			buildSettings = {
				ASSETCATALOG_COMPILER_APPICON_NAME = AppIcon;
				CODE_SIGN_STYLE = Automatic;
				DEVELOPMENT_ASSET_PATHS = "\"EmartApiXctest/Preview Content\"";
				DEVELOPMENT_TEAM = UFLNVM35T6;
				ENABLE_PREVIEWS = YES;
				INFOPLIST_FILE = EmartApiXctest/Info.plist;
				LD_RUNPATH_SEARCH_PATHS = (
					"$(inherited)",
					"@executable_path/Frameworks",
				);
				PRODUCT_BUNDLE_IDENTIFIER = emobile.EmartApiXctest;
				PRODUCT_NAME = "$(TARGET_NAME)";
				SWIFT_VERSION = 5.0;
				TARGETED_DEVICE_FAMILY = "1,2";
			};
			name = Debug;
		};
		92842B3E23E4A39800C7B745 /* Release */ = {
			isa = XCBuildConfiguration;
			buildSettings = {
				ASSETCATALOG_COMPILER_APPICON_NAME = AppIcon;
				CODE_SIGN_STYLE = Automatic;
				DEVELOPMENT_ASSET_PATHS = "\"EmartApiXctest/Preview Content\"";
				DEVELOPMENT_TEAM = UFLNVM35T6;
				ENABLE_PREVIEWS = YES;
				INFOPLIST_FILE = EmartApiXctest/Info.plist;
				LD_RUNPATH_SEARCH_PATHS = (
					"$(inherited)",
					"@executable_path/Frameworks",
				);
				PRODUCT_BUNDLE_IDENTIFIER = emobile.EmartApiXctest;
				PRODUCT_NAME = "$(TARGET_NAME)";
				SWIFT_VERSION = 5.0;
				TARGETED_DEVICE_FAMILY = "1,2";
			};
			name = Release;
		};
		92842B4023E4A39800C7B745 /* Debug */ = {
			isa = XCBuildConfiguration;
			buildSettings = {
				ALWAYS_EMBED_SWIFT_STANDARD_LIBRARIES = YES;
				BUNDLE_LOADER = "$(TEST_HOST)";
				CODE_SIGN_STYLE = Automatic;
				DEVELOPMENT_TEAM = UFLNVM35T6;
				INFOPLIST_FILE = EmartApiXctestTests/Info.plist;
				IPHONEOS_DEPLOYMENT_TARGET = 13.2;
				LD_RUNPATH_SEARCH_PATHS = (
					"$(inherited)",
					"@executable_path/Frameworks",
					"@loader_path/Frameworks",
				);
				PRODUCT_BUNDLE_IDENTIFIER = emobile.EmartApiXctestTests;
				PRODUCT_NAME = "$(TARGET_NAME)";
				SWIFT_VERSION = 5.0;
				TARGETED_DEVICE_FAMILY = "1,2";
				TEST_HOST = "$(BUILT_PRODUCTS_DIR)/EmartApiXctest.app/EmartApiXctest";
			};
			name = Debug;
		};
		92842B4123E4A39800C7B745 /* Release */ = {
			isa = XCBuildConfiguration;
			buildSettings = {
				ALWAYS_EMBED_SWIFT_STANDARD_LIBRARIES = YES;
				BUNDLE_LOADER = "$(TEST_HOST)";
				CODE_SIGN_STYLE = Automatic;
				DEVELOPMENT_TEAM = UFLNVM35T6;
				INFOPLIST_FILE = EmartApiXctestTests/Info.plist;
				IPHONEOS_DEPLOYMENT_TARGET = 13.2;
				LD_RUNPATH_SEARCH_PATHS = (
					"$(inherited)",
					"@executable_path/Frameworks",
					"@loader_path/Frameworks",
				);
				PRODUCT_BUNDLE_IDENTIFIER = emobile.EmartApiXctestTests;
				PRODUCT_NAME = "$(TARGET_NAME)";
				SWIFT_VERSION = 5.0;
				TARGETED_DEVICE_FAMILY = "1,2";
				TEST_HOST = "$(BUILT_PRODUCTS_DIR)/EmartApiXctest.app/EmartApiXctest";
			};
			name = Release;
		};
/* End XCBuildConfiguration section */

/* Begin XCConfigurationList section */
		92842B1523E4A39500C7B745 /* Build configuration list for PBXProject "EmartApiXctest" */ = {
			isa = XCConfigurationList;
			buildConfigurations = (
				92842B3A23E4A39800C7B745 /* Debug */,
				92842B3B23E4A39800C7B745 /* Release */,
			);
			defaultConfigurationIsVisible = 0;
			defaultConfigurationName = Release;
		};
		92842B3C23E4A39800C7B745 /* Build configuration list for PBXNativeTarget "EmartApiXctest" */ = {
			isa = XCConfigurationList;
			buildConfigurations = (
				92842B3D23E4A39800C7B745 /* Debug */,
				92842B3E23E4A39800C7B745 /* Release */,
			);
			defaultConfigurationIsVisible = 0;
			defaultConfigurationName = Release;
		};
		92842B3F23E4A39800C7B745 /* Build configuration list for PBXNativeTarget "EmartApiXctestTests" */ = {
			isa = XCConfigurationList;
			buildConfigurations = (
				92842B4023E4A39800C7B745 /* Debug */,
				92842B4123E4A39800C7B745 /* Release */,
			);
			defaultConfigurationIsVisible = 0;
			defaultConfigurationName = Release;
		};
/* End XCConfigurationList section */

/* Begin XCVersionGroup section */
		92842B2123E4A39500C7B745 /* EmartApiXctest.xcdatamodeld */ = {
			isa = XCVersionGroup;
			children = (
				92842B2223E4A39500C7B745 /* EmartApiXctest.xcdatamodel */,
			);
			currentVersion = 92842B2223E4A39500C7B745 /* EmartApiXctest.xcdatamodel */;
			path = EmartApiXctest.xcdatamodeld;
			sourceTree = "<group>";
			versionGroupType = wrapper.xcdatamodel;
		};
/* End XCVersionGroup section */
	};
	rootObject = 92842B1223E4A39500C7B745 /* Project object */;
}
